// !$*UTF8*$!
{
	archiveVersion = 1;
	classes = {
	};
	objectVersion = 50;
	objects = {

/* Begin PBXBuildFile section */
		F477E5DD26F7D2D4005AF80A /* LandmarksApp.swift in Sources */ = {isa = PBXBuildFile; fileRef = F477E5DC26F7D2D4005AF80A /* LandmarksApp.swift */; };
		F477E5DF26F7D2D4005AF80A /* ContentView.swift in Sources */ = {isa = PBXBuildFile; fileRef = F477E5DE26F7D2D4005AF80A /* ContentView.swift */; };
		F477E5E126F7D2D5005AF80A /* Assets.xcassets in Resources */ = {isa = PBXBuildFile; fileRef = F477E5E026F7D2D5005AF80A /* Assets.xcassets */; };
		F477E5E426F7D2D5005AF80A /* Preview Assets.xcassets in Resources */ = {isa = PBXBuildFile; fileRef = F477E5E326F7D2D5005AF80A /* Preview Assets.xcassets */; };
		F477E5EC26F7D620005AF80A /* CircleImage.swift in Sources */ = {isa = PBXBuildFile; fileRef = F477E5EB26F7D620005AF80A /* CircleImage.swift */; };
		F477E5EE26F7D73F005AF80A /* MapView.swift in Sources */ = {isa = PBXBuildFile; fileRef = F477E5ED26F7D73F005AF80A /* MapView.swift */; };
		F477E5F026F7E243005AF80A /* landmarkData.json in Resources */ = {isa = PBXBuildFile; fileRef = F477E5EF26F7E243005AF80A /* landmarkData.json */; };
		F477E5F226F7E264005AF80A /* Landmark.swift in Sources */ = {isa = PBXBuildFile; fileRef = F477E5F126F7E264005AF80A /* Landmark.swift */; };
		F477E5F426F7E566005AF80A /* ModelData.swift in Sources */ = {isa = PBXBuildFile; fileRef = F477E5F326F7E566005AF80A /* ModelData.swift */; };
		F477E5F926F7E8F5005AF80A /* LandmarkRow.swift in Sources */ = {isa = PBXBuildFile; fileRef = F477E5F826F7E8F5005AF80A /* LandmarkRow.swift */; };
		F477E5FB26F7EB14005AF80A /* LandmarkList.swift in Sources */ = {isa = PBXBuildFile; fileRef = F477E5FA26F7EB14005AF80A /* LandmarkList.swift */; };
		F477E5FD26F7EC61005AF80A /* LandmarkDetail.swift in Sources */ = {isa = PBXBuildFile; fileRef = F477E5FC26F7EC61005AF80A /* LandmarkDetail.swift */; };
		F477E5FF26F7FAB6005AF80A /* FavoriteButton.swift in Sources */ = {isa = PBXBuildFile; fileRef = F477E5FE26F7FAB6005AF80A /* FavoriteButton.swift */; };
/* End PBXBuildFile section */

/* Begin PBXFileReference section */
		F477E5D926F7D2D4005AF80A /* Landmarks.app */ = {isa = PBXFileReference; explicitFileType = wrapper.application; includeInIndex = 0; path = Landmarks.app; sourceTree = BUILT_PRODUCTS_DIR; };
		F477E5DC26F7D2D4005AF80A /* LandmarksApp.swift */ = {isa = PBXFileReference; lastKnownFileType = sourcecode.swift; path = LandmarksApp.swift; sourceTree = "<group>"; };
		F477E5DE26F7D2D4005AF80A /* ContentView.swift */ = {isa = PBXFileReference; lastKnownFileType = sourcecode.swift; path = ContentView.swift; sourceTree = "<group>"; };
		F477E5E026F7D2D5005AF80A /* Assets.xcassets */ = {isa = PBXFileReference; lastKnownFileType = folder.assetcatalog; path = Assets.xcassets; sourceTree = "<group>"; };
		F477E5E326F7D2D5005AF80A /* Preview Assets.xcassets */ = {isa = PBXFileReference; lastKnownFileType = folder.assetcatalog; path = "Preview Assets.xcassets"; sourceTree = "<group>"; };
		F477E5E526F7D2D5005AF80A /* Info.plist */ = {isa = PBXFileReference; lastKnownFileType = text.plist.xml; path = Info.plist; sourceTree = "<group>"; };
		F477E5EB26F7D620005AF80A /* CircleImage.swift */ = {isa = PBXFileReference; lastKnownFileType = sourcecode.swift; path = CircleImage.swift; sourceTree = "<group>"; };
		F477E5ED26F7D73F005AF80A /* MapView.swift */ = {isa = PBXFileReference; lastKnownFileType = sourcecode.swift; path = MapView.swift; sourceTree = "<group>"; };
		F477E5EF26F7E243005AF80A /* landmarkData.json */ = {isa = PBXFileReference; fileEncoding = 4; lastKnownFileType = text.json; path = landmarkData.json; sourceTree = "<group>"; };
		F477E5F126F7E264005AF80A /* Landmark.swift */ = {isa = PBXFileReference; lastKnownFileType = sourcecode.swift; path = Landmark.swift; sourceTree = "<group>"; };
		F477E5F326F7E566005AF80A /* ModelData.swift */ = {isa = PBXFileReference; lastKnownFileType = sourcecode.swift; path = ModelData.swift; sourceTree = "<group>"; };
		F477E5F826F7E8F5005AF80A /* LandmarkRow.swift */ = {isa = PBXFileReference; lastKnownFileType = sourcecode.swift; path = LandmarkRow.swift; sourceTree = "<group>"; };
		F477E5FA26F7EB14005AF80A /* LandmarkList.swift */ = {isa = PBXFileReference; lastKnownFileType = sourcecode.swift; path = LandmarkList.swift; sourceTree = "<group>"; };
		F477E5FC26F7EC61005AF80A /* LandmarkDetail.swift */ = {isa = PBXFileReference; lastKnownFileType = sourcecode.swift; path = LandmarkDetail.swift; sourceTree = "<group>"; };
		F477E5FE26F7FAB6005AF80A /* FavoriteButton.swift */ = {isa = PBXFileReference; lastKnownFileType = sourcecode.swift; path = FavoriteButton.swift; sourceTree = "<group>"; };
/* End PBXFileReference section */

/* Begin PBXFrameworksBuildPhase section */
		F477E5D626F7D2D4005AF80A /* Frameworks */ = {
			isa = PBXFrameworksBuildPhase;
			buildActionMask = 2147483647;
			files = (
			);
			runOnlyForDeploymentPostprocessing = 0;
		};
/* End PBXFrameworksBuildPhase section */

/* Begin PBXGroup section */
		F477E5D026F7D2D4005AF80A = {
			isa = PBXGroup;
			children = (
				F477E5DB26F7D2D4005AF80A /* Landmarks */,
				F477E5DA26F7D2D4005AF80A /* Products */,
			);
			sourceTree = "<group>";
		};
		F477E5DA26F7D2D4005AF80A /* Products */ = {
			isa = PBXGroup;
			children = (
				F477E5D926F7D2D4005AF80A /* Landmarks.app */,
			);
			name = Products;
			sourceTree = "<group>";
		};
		F477E5DB26F7D2D4005AF80A /* Landmarks */ = {
			isa = PBXGroup;
			children = (
				F477E5DC26F7D2D4005AF80A /* LandmarksApp.swift */,
				F477E5F526F7E86E005AF80A /* Views */,
				F477E5F626F7E895005AF80A /* Model */,
				F477E5E026F7D2D5005AF80A /* Assets.xcassets */,
				F477E5E526F7D2D5005AF80A /* Info.plist */,
				F477E5E226F7D2D5005AF80A /* Preview Content */,
				F477E5F726F7E8B0005AF80A /* Resources */,
			);
			path = Landmarks;
			sourceTree = "<group>";
		};
		F477E5E226F7D2D5005AF80A /* Preview Content */ = {
			isa = PBXGroup;
			children = (
				F477E5E326F7D2D5005AF80A /* Preview Assets.xcassets */,
			);
			path = "Preview Content";
			sourceTree = "<group>";
		};
		F477E5F526F7E86E005AF80A /* Views */ = {
			isa = PBXGroup;
			children = (
				F477E5DE26F7D2D4005AF80A /* ContentView.swift */,
				F477E60026F7FBEF005AF80A /* Helpers */,
				F477E60126F7FC18005AF80A /* Landmarks */,
			);
			path = Views;
			sourceTree = "<group>";
		};
		F477E5F626F7E895005AF80A /* Model */ = {
			isa = PBXGroup;
			children = (
				F477E5F126F7E264005AF80A /* Landmark.swift */,
				F477E5F326F7E566005AF80A /* ModelData.swift */,
			);
			path = Model;
			sourceTree = "<group>";
		};
		F477E5F726F7E8B0005AF80A /* Resources */ = {
			isa = PBXGroup;
			children = (
				F477E5EF26F7E243005AF80A /* landmarkData.json */,
			);
			path = Resources;
			sourceTree = "<group>";
		};
		F477E60026F7FBEF005AF80A /* Helpers */ = {
			isa = PBXGroup;
			children = (
				F477E5EB26F7D620005AF80A /* CircleImage.swift */,
				F477E5ED26F7D73F005AF80A /* MapView.swift */,
				F477E5FE26F7FAB6005AF80A /* FavoriteButton.swift */,
			);
			path = Helpers;
			sourceTree = "<group>";
		};
		F477E60126F7FC18005AF80A /* Landmarks */ = {
			isa = PBXGroup;
			children = (
				F477E5F826F7E8F5005AF80A /* LandmarkRow.swift */,
				F477E5FA26F7EB14005AF80A /* LandmarkList.swift */,
				F477E5FC26F7EC61005AF80A /* LandmarkDetail.swift */,
			);
			path = Landmarks;
			sourceTree = "<group>";
		};
/* End PBXGroup section */

/* Begin PBXNativeTarget section */
		F477E5D826F7D2D4005AF80A /* Landmarks */ = {
			isa = PBXNativeTarget;
			buildConfigurationList = F477E5E826F7D2D5005AF80A /* Build configuration list for PBXNativeTarget "Landmarks" */;
			buildPhases = (
				F477E5D526F7D2D4005AF80A /* Sources */,
				F477E5D626F7D2D4005AF80A /* Frameworks */,
				F477E5D726F7D2D4005AF80A /* Resources */,
			);
			buildRules = (
			);
			dependencies = (
			);
			name = Landmarks;
			productName = Landmarks;
			productReference = F477E5D926F7D2D4005AF80A /* Landmarks.app */;
			productType = "com.apple.product-type.application";
		};
/* End PBXNativeTarget section */

/* Begin PBXProject section */
		F477E5D126F7D2D4005AF80A /* Project object */ = {
			isa = PBXProject;
			attributes = {
				LastSwiftUpdateCheck = 1250;
				LastUpgradeCheck = 1250;
				TargetAttributes = {
					F477E5D826F7D2D4005AF80A = {
						CreatedOnToolsVersion = 12.5.1;
					};
				};
			};
			buildConfigurationList = F477E5D426F7D2D4005AF80A /* Build configuration list for PBXProject "Landmarks" */;
			compatibilityVersion = "Xcode 9.3";
			developmentRegion = en;
			hasScannedForEncodings = 0;
			knownRegions = (
				en,
				Base,
			);
			mainGroup = F477E5D026F7D2D4005AF80A;
			productRefGroup = F477E5DA26F7D2D4005AF80A /* Products */;
			projectDirPath = "";
			projectRoot = "";
			targets = (
				F477E5D826F7D2D4005AF80A /* Landmarks */,
			);
		};
/* End PBXProject section */

/* Begin PBXResourcesBuildPhase section */
		F477E5D726F7D2D4005AF80A /* Resources */ = {
			isa = PBXResourcesBuildPhase;
			buildActionMask = 2147483647;
			files = (
				F477E5E426F7D2D5005AF80A /* Preview Assets.xcassets in Resources */,
				F477E5E126F7D2D5005AF80A /* Assets.xcassets in Resources */,
				F477E5F026F7E243005AF80A /* landmarkData.json in Resources */,
			);
			runOnlyForDeploymentPostprocessing = 0;
		};
/* End PBXResourcesBuildPhase section */

/* Begin PBXSourcesBuildPhase section */
		F477E5D526F7D2D4005AF80A /* Sources */ = {
			isa = PBXSourcesBuildPhase;
			buildActionMask = 2147483647;
			files = (
				F477E5DF26F7D2D4005AF80A /* ContentView.swift in Sources */,
				F477E5EE26F7D73F005AF80A /* MapView.swift in Sources */,
				F477E5DD26F7D2D4005AF80A /* LandmarksApp.swift in Sources */,
				F477E5FF26F7FAB6005AF80A /* FavoriteButton.swift in Sources */,
				F477E5FB26F7EB14005AF80A /* LandmarkList.swift in Sources */,
				F477E5FD26F7EC61005AF80A /* LandmarkDetail.swift in Sources */,
				F477E5EC26F7D620005AF80A /* CircleImage.swift in Sources */,
				F477E5F226F7E264005AF80A /* Landmark.swift in Sources */,
				F477E5F926F7E8F5005AF80A /* LandmarkRow.swift in Sources */,
				F477E5F426F7E566005AF80A /* ModelData.swift in Sources */,
			);
			runOnlyForDeploymentPostprocessing = 0;
		};
/* End PBXSourcesBuildPhase section */

/* Begin XCBuildConfiguration section */
		F477E5E626F7D2D5005AF80A /* Debug */ = {
			isa = XCBuildConfiguration;
			buildSettings = {
				ALWAYS_SEARCH_USER_PATHS = NO;
				CLANG_ANALYZER_NONNULL = YES;
				CLANG_ANALYZER_NUMBER_OBJECT_CONVERSION = YES_AGGRESSIVE;
				CLANG_CXX_LANGUAGE_STANDARD = "gnu++14";
				CLANG_CXX_LIBRARY = "libc++";
				CLANG_ENABLE_MODULES = YES;
				CLANG_ENABLE_OBJC_ARC = YES;
				CLANG_ENABLE_OBJC_WEAK = YES;
				CLANG_WARN_BLOCK_CAPTURE_AUTORELEASING = YES;
				CLANG_WARN_BOOL_CONVERSION = YES;
				CLANG_WARN_COMMA = YES;
				CLANG_WARN_CONSTANT_CONVERSION = YES;
				CLANG_WARN_DEPRECATED_OBJC_IMPLEMENTATIONS = YES;
				CLANG_WARN_DIRECT_OBJC_ISA_USAGE = YES_ERROR;
				CLANG_WARN_DOCUMENTATION_COMMENTS = YES;
				CLANG_WARN_EMPTY_BODY = YES;
				CLANG_WARN_ENUM_CONVERSION = YES;
				CLANG_WARN_INFINITE_RECURSION = YES;
				CLANG_WARN_INT_CONVERSION = YES;
				CLANG_WARN_NON_LITERAL_NULL_CONVERSION = YES;
				CLANG_WARN_OBJC_IMPLICIT_RETAIN_SELF = YES;
				CLANG_WARN_OBJC_LITERAL_CONVERSION = YES;
				CLANG_WARN_OBJC_ROOT_CLASS = YES_ERROR;
				CLANG_WARN_QUOTED_INCLUDE_IN_FRAMEWORK_HEADER = YES;
				CLANG_WARN_RANGE_LOOP_ANALYSIS = YES;
				CLANG_WARN_STRICT_PROTOTYPES = YES;
				CLANG_WARN_SUSPICIOUS_MOVE = YES;
				CLANG_WARN_UNGUARDED_AVAILABILITY = YES_AGGRESSIVE;
				CLANG_WARN_UNREACHABLE_CODE = YES;
				CLANG_WARN__DUPLICATE_METHOD_MATCH = YES;
				COPY_PHASE_STRIP = NO;
				DEBUG_INFORMATION_FORMAT = dwarf;
				ENABLE_STRICT_OBJC_MSGSEND = YES;
				ENABLE_TESTABILITY = YES;
				GCC_C_LANGUAGE_STANDARD = gnu11;
				GCC_DYNAMIC_NO_PIC = NO;
				GCC_NO_COMMON_BLOCKS = YES;
				GCC_OPTIMIZATION_LEVEL = 0;
				GCC_PREPROCESSOR_DEFINITIONS = (
					"DEBUG=1",
					"$(inherited)",
				);
				GCC_WARN_64_TO_32_BIT_CONVERSION = YES;
				GCC_WARN_ABOUT_RETURN_TYPE = YES_ERROR;
				GCC_WARN_UNDECLARED_SELECTOR = YES;
				GCC_WARN_UNINITIALIZED_AUTOS = YES_AGGRESSIVE;
				GCC_WARN_UNUSED_FUNCTION = YES;
				GCC_WARN_UNUSED_VARIABLE = YES;
				IPHONEOS_DEPLOYMENT_TARGET = 14.5;
				MTL_ENABLE_DEBUG_INFO = INCLUDE_SOURCE;
				MTL_FAST_MATH = YES;
				ONLY_ACTIVE_ARCH = YES;
				SDKROOT = iphoneos;
				SWIFT_ACTIVE_COMPILATION_CONDITIONS = DEBUG;
				SWIFT_OPTIMIZATION_LEVEL = "-Onone";
			};
			name = Debug;
		};
		F477E5E726F7D2D5005AF80A /* Release */ = {
			isa = XCBuildConfiguration;
			buildSettings = {
				ALWAYS_SEARCH_USER_PATHS = NO;
				CLANG_ANALYZER_NONNULL = YES;
				CLANG_ANALYZER_NUMBER_OBJECT_CONVERSION = YES_AGGRESSIVE;
				CLANG_CXX_LANGUAGE_STANDARD = "gnu++14";
				CLANG_CXX_LIBRARY = "libc++";
				CLANG_ENABLE_MODULES = YES;
				CLANG_ENABLE_OBJC_ARC = YES;
				CLANG_ENABLE_OBJC_WEAK = YES;
				CLANG_WARN_BLOCK_CAPTURE_AUTORELEASING = YES;
				CLANG_WARN_BOOL_CONVERSION = YES;
				CLANG_WARN_COMMA = YES;
				CLANG_WARN_CONSTANT_CONVERSION = YES;
				CLANG_WARN_DEPRECATED_OBJC_IMPLEMENTATIONS = YES;
				CLANG_WARN_DIRECT_OBJC_ISA_USAGE = YES_ERROR;
				CLANG_WARN_DOCUMENTATION_COMMENTS = YES;
				CLANG_WARN_EMPTY_BODY = YES;
				CLANG_WARN_ENUM_CONVERSION = YES;
				CLANG_WARN_INFINITE_RECURSION = YES;
				CLANG_WARN_INT_CONVERSION = YES;
				CLANG_WARN_NON_LITERAL_NULL_CONVERSION = YES;
				CLANG_WARN_OBJC_IMPLICIT_RETAIN_SELF = YES;
				CLANG_WARN_OBJC_LITERAL_CONVERSION = YES;
				CLANG_WARN_OBJC_ROOT_CLASS = YES_ERROR;
				CLANG_WARN_QUOTED_INCLUDE_IN_FRAMEWORK_HEADER = YES;
				CLANG_WARN_RANGE_LOOP_ANALYSIS = YES;
				CLANG_WARN_STRICT_PROTOTYPES = YES;
				CLANG_WARN_SUSPICIOUS_MOVE = YES;
				CLANG_WARN_UNGUARDED_AVAILABILITY = YES_AGGRESSIVE;
				CLANG_WARN_UNREACHABLE_CODE = YES;
				CLANG_WARN__DUPLICATE_METHOD_MATCH = YES;
				COPY_PHASE_STRIP = NO;
				DEBUG_INFORMATION_FORMAT = "dwarf-with-dsym";
				ENABLE_NS_ASSERTIONS = NO;
				ENABLE_STRICT_OBJC_MSGSEND = YES;
				GCC_C_LANGUAGE_STANDARD = gnu11;
				GCC_NO_COMMON_BLOCKS = YES;
				GCC_WARN_64_TO_32_BIT_CONVERSION = YES;
				GCC_WARN_ABOUT_RETURN_TYPE = YES_ERROR;
				GCC_WARN_UNDECLARED_SELECTOR = YES;
				GCC_WARN_UNINITIALIZED_AUTOS = YES_AGGRESSIVE;
				GCC_WARN_UNUSED_FUNCTION = YES;
				GCC_WARN_UNUSED_VARIABLE = YES;
				IPHONEOS_DEPLOYMENT_TARGET = 14.5;
				MTL_ENABLE_DEBUG_INFO = NO;
				MTL_FAST_MATH = YES;
				SDKROOT = iphoneos;
				SWIFT_COMPILATION_MODE = wholemodule;
				SWIFT_OPTIMIZATION_LEVEL = "-O";
				VALIDATE_PRODUCT = YES;
			};
			name = Release;
		};
		F477E5E926F7D2D5005AF80A /* Debug */ = {
			isa = XCBuildConfiguration;
			buildSettings = {
				ASSETCATALOG_COMPILER_APPICON_NAME = AppIcon;
				ASSETCATALOG_COMPILER_GLOBAL_ACCENT_COLOR_NAME = AccentColor;
				CODE_SIGN_STYLE = Automatic;
				DEVELOPMENT_ASSET_PATHS = "\"Landmarks/Preview Content\"";
				DEVELOPMENT_TEAM = 669SBWQUHS;
				ENABLE_PREVIEWS = YES;
				INFOPLIST_FILE = Landmarks/Info.plist;
				IPHONEOS_DEPLOYMENT_TARGET = 14.0;
				LD_RUNPATH_SEARCH_PATHS = (
					"$(inherited)",
					"@executable_path/Frameworks",
				);
				PRODUCT_BUNDLE_IDENTIFIER = ru.nazares.Landmarks;
				PRODUCT_NAME = "$(TARGET_NAME)";
				SWIFT_VERSION = 5.0;
				TARGETED_DEVICE_FAMILY = "1,2";
			};
			name = Debug;
		};
		F477E5EA26F7D2D5005AF80A /* Release */ = {
			isa = XCBuildConfiguration;
			buildSettings = {
				ASSETCATALOG_COMPILER_APPICON_NAME = AppIcon;
				ASSETCATALOG_COMPILER_GLOBAL_ACCENT_COLOR_NAME = AccentColor;
				CODE_SIGN_STYLE = Automatic;
				DEVELOPMENT_ASSET_PATHS = "\"Landmarks/Preview Content\"";
				DEVELOPMENT_TEAM = 669SBWQUHS;
				ENABLE_PREVIEWS = YES;
				INFOPLIST_FILE = Landmarks/Info.plist;
				IPHONEOS_DEPLOYMENT_TARGET = 14.0;
				LD_RUNPATH_SEARCH_PATHS = (
					"$(inherited)",
					"@executable_path/Frameworks",
				);
				PRODUCT_BUNDLE_IDENTIFIER = ru.nazares.Landmarks;
				PRODUCT_NAME = "$(TARGET_NAME)";
				SWIFT_VERSION = 5.0;
				TARGETED_DEVICE_FAMILY = "1,2";
			};
			name = Release;
		};
/* End XCBuildConfiguration section */

/* Begin XCConfigurationList section */
		F477E5D426F7D2D4005AF80A /* Build configuration list for PBXProject "Landmarks" */ = {
			isa = XCConfigurationList;
			buildConfigurations = (
				F477E5E626F7D2D5005AF80A /* Debug */,
				F477E5E726F7D2D5005AF80A /* Release */,
			);
			defaultConfigurationIsVisible = 0;
			defaultConfigurationName = Release;
		};
		F477E5E826F7D2D5005AF80A /* Build configuration list for PBXNativeTarget "Landmarks" */ = {
			isa = XCConfigurationList;
			buildConfigurations = (
				F477E5E926F7D2D5005AF80A /* Debug */,
				F477E5EA26F7D2D5005AF80A /* Release */,
			);
			defaultConfigurationIsVisible = 0;
			defaultConfigurationName = Release;
		};
/* End XCConfigurationList section */
	};
	rootObject = F477E5D126F7D2D4005AF80A /* Project object */;
}
